{
  "name": "assets",
  "lockfileVersion": 2,
  "requires": true,
  "packages": {
    "": {
      "license": "Apache-2.0",
      "dependencies": {
        "@fortawesome/fontawesome-free": "^5.15.4",
        "bootstrap": "^4.6.0",
        "joshjs": "^1.0.7",
        "jquery": "^3.6.0",
        "moment": "^2.29.1",
        "phoenix": "file:../../../deps/phoenix",
        "phoenix_html": "file:../../../deps/phoenix_html",
        "phoenix_live_view": "file:../../../deps/phoenix_live_view",
        "popper.js": "^1.16.1",
        "xterm": "^4.13.0",
        "xterm-addon-fit": "^0.4.0"
      }
    },
    "../../../deps/phoenix": {
      "version": "1.6.0-rc.0",
      "license": "MIT"
    },
    "../../../deps/phoenix_html": {
      "version": "3.0.4"
    },
    "../../../deps/phoenix_live_view": {
      "version": "0.16.0",
      "license": "MIT"
    },
    "node_modules/@fortawesome/fontawesome-free": {
      "version": "5.15.4",
      "resolved": "https://registry.npmjs.org/@fortawesome/fontawesome-free/-/fontawesome-free-5.15.4.tgz",
      "integrity": "sha512-eYm8vijH/hpzr/6/1CJ/V/Eb1xQFW2nnUKArb3z+yUWv7HTwj6M7SP957oMjfZjAHU6qpoNc2wQvIxBLWYa/Jg==",
      "hasInstallScript": true,
      "engines": {
        "node": ">=6"
      }
    },
    "node_modules/animate.css": {
      "version": "4.1.1",
      "resolved": "https://registry.npmjs.org/animate.css/-/animate.css-4.1.1.tgz",
      "integrity": "sha512-+mRmCTv6SbCmtYJCN4faJMNFVNN5EuCTTprDTAo7YzIGji2KADmakjVA3+8mVDkZ2Bf09vayB35lSQIex2+QaQ=="
    },
    "node_modules/bootstrap": {
      "version": "4.6.0",
      "resolved": "https://registry.npmjs.org/bootstrap/-/bootstrap-4.6.0.tgz",
      "integrity": "sha512-Io55IuQY3kydzHtbGvQya3H+KorS/M9rSNyfCGCg9WZ4pyT/lCxIlpJgG1GXW/PswzC84Tr2fBYi+7+jFVQQBw==",
      "funding": {
        "type": "opencollective",
        "url": "https://opencollective.com/bootstrap"
      },
      "peerDependencies": {
        "jquery": "1.9.1 - 3",
        "popper.js": "^1.16.1"
      }
    },
    "node_modules/joshjs": {
      "version": "1.0.7",
      "resolved": "https://registry.npmjs.org/joshjs/-/joshjs-1.0.7.tgz",
      "integrity": "sha512-kZxxOb5ge3rBQ7ViFl7gWaaSDa7cx4I3iNvfC5snCk5PDxLA8KHt4T4+AayAHn3WxOTxlq+PBhnrh45rZZ3OOg==",
      "dependencies": {
        "animate.css": "^4.1.0"
      }
    },
    "node_modules/jquery": {
      "version": "3.6.0",
      "resolved": "https://registry.npmjs.org/jquery/-/jquery-3.6.0.tgz",
      "integrity": "sha512-JVzAR/AjBvVt2BmYhxRCSYysDsPcssdmTFnzyLEts9qNwmjmu4JTAMYubEfwVOSwpQ1I1sKKFcxhZCI2buerfw=="
    },
    "node_modules/moment": {
      "version": "2.29.1",
      "resolved": "https://registry.npmjs.org/moment/-/moment-2.29.1.tgz",
      "integrity": "sha512-kHmoybcPV8Sqy59DwNDY3Jefr64lK/by/da0ViFcuA4DH0vQg5Q6Ze5VimxkfQNSC+Mls/Kx53s7TjP1RhFEDQ==",
      "engines": {
        "node": "*"
      }
    },
    "node_modules/phoenix": {
      "resolved": "../../../deps/phoenix",
      "link": true
    },
    "node_modules/phoenix_html": {
      "resolved": "../../../deps/phoenix_html",
      "link": true
    },
    "node_modules/phoenix_live_view": {
      "resolved": "../../../deps/phoenix_live_view",
      "link": true
    },
    "node_modules/popper.js": {
      "version": "1.16.1",
      "resolved": "https://registry.npmjs.org/popper.js/-/popper.js-1.16.1.tgz",
      "integrity": "sha512-Wb4p1J4zyFTbM+u6WuO4XstYx4Ky9Cewe4DWrel7B0w6VVICvPwdOpotjzcf6eD8TsckVnIMNONQyPIUFOUbCQ==",
      "deprecated": "You can find the new Popper v2 at @popperjs/core, this package is dedicated to the legacy v1",
      "funding": {
        "type": "opencollective",
        "url": "https://opencollective.com/popperjs"
      }
    },
    "node_modules/xterm": {
      "version": "4.14.1",
      "resolved": "https://registry.npmjs.org/xterm/-/xterm-4.14.1.tgz",
      "integrity": "sha512-jgzNg5BuGPwq5/M4dGnmbghZvHx2jaj+9crSEt15bV34Za49VziBmCu7zIy88zUKKiGTxeo7aVzirFSJArIMFw=="
    },
    "node_modules/xterm-addon-fit": {
      "version": "0.4.0",
      "resolved": "https://registry.npmjs.org/xterm-addon-fit/-/xterm-addon-fit-0.4.0.tgz",
      "integrity": "sha512-p4BESuV/g2L6pZzFHpeNLLnep9mp/DkF3qrPglMiucSFtD8iJxtMufEoEJbN8LZwB4i+8PFpFvVuFrGOSpW05w==",
      "peerDependencies": {
        "xterm": "^4.0.0"
      }
    }
  },
  "dependencies": {
    "@fortawesome/fontawesome-free": {
      "version": "5.15.4",
      "resolved": "https://registry.npmjs.org/@fortawesome/fontawesome-free/-/fontawesome-free-5.15.4.tgz",
      "integrity": "sha512-eYm8vijH/hpzr/6/1CJ/V/Eb1xQFW2nnUKArb3z+yUWv7HTwj6M7SP957oMjfZjAHU6qpoNc2wQvIxBLWYa/Jg=="
    },
    "animate.css": {
      "version": "4.1.1",
      "resolved": "https://registry.npmjs.org/animate.css/-/animate.css-4.1.1.tgz",
      "integrity": "sha512-+mRmCTv6SbCmtYJCN4faJMNFVNN5EuCTTprDTAo7YzIGji2KADmakjVA3+8mVDkZ2Bf09vayB35lSQIex2+QaQ=="
    },
    "bootstrap": {
      "version": "4.6.0",
      "resolved": "https://registry.npmjs.org/bootstrap/-/bootstrap-4.6.0.tgz",
      "integrity": "sha512-Io55IuQY3kydzHtbGvQya3H+KorS/M9rSNyfCGCg9WZ4pyT/lCxIlpJgG1GXW/PswzC84Tr2fBYi+7+jFVQQBw==",
      "requires": {}
    },
    "joshjs": {
      "version": "1.0.7",
      "resolved": "https://registry.npmjs.org/joshjs/-/joshjs-1.0.7.tgz",
      "integrity": "sha512-kZxxOb5ge3rBQ7ViFl7gWaaSDa7cx4I3iNvfC5snCk5PDxLA8KHt4T4+AayAHn3WxOTxlq+PBhnrh45rZZ3OOg==",
      "requires": {
        "animate.css": "^4.1.0"
      }
    },
    "jquery": {
      "version": "3.6.0",
      "resolved": "https://registry.npmjs.org/jquery/-/jquery-3.6.0.tgz",
      "integrity": "sha512-JVzAR/AjBvVt2BmYhxRCSYysDsPcssdmTFnzyLEts9qNwmjmu4JTAMYubEfwVOSwpQ1I1sKKFcxhZCI2buerfw=="
    },
    "moment": {
      "version": "2.29.1",
      "resolved": "https://registry.npmjs.org/moment/-/moment-2.29.1.tgz",
      "integrity": "sha512-kHmoybcPV8Sqy59DwNDY3Jefr64lK/by/da0ViFcuA4DH0vQg5Q6Ze5VimxkfQNSC+Mls/Kx53s7TjP1RhFEDQ=="
    },
    "phoenix": {
      "version": "file:../../../deps/phoenix"
    },
    "phoenix_html": {
      "version": "file:../../../deps/phoenix_html"
    },
    "phoenix_live_view": {
      "version": "file:../../../deps/phoenix_live_view"
    },
    "popper.js": {
      "version": "1.16.1",
      "resolved": "https://registry.npmjs.org/popper.js/-/popper.js-1.16.1.tgz",
      "integrity": "sha512-Wb4p1J4zyFTbM+u6WuO4XstYx4Ky9Cewe4DWrel7B0w6VVICvPwdOpotjzcf6eD8TsckVnIMNONQyPIUFOUbCQ=="
    },
    "xterm": {
      "version": "4.14.1",
      "resolved": "https://registry.npmjs.org/xterm/-/xterm-4.14.1.tgz",
      "integrity": "sha512-jgzNg5BuGPwq5/M4dGnmbghZvHx2jaj+9crSEt15bV34Za49VziBmCu7zIy88zUKKiGTxeo7aVzirFSJArIMFw=="
    },
    "xterm-addon-fit": {
      "version": "0.4.0",
      "resolved": "https://registry.npmjs.org/xterm-addon-fit/-/xterm-addon-fit-0.4.0.tgz",
      "integrity": "sha512-p4BESuV/g2L6pZzFHpeNLLnep9mp/DkF3qrPglMiucSFtD8iJxtMufEoEJbN8LZwB4i+8PFpFvVuFrGOSpW05w==",
      "requires": {}
    }
  }
}
